
Microsoft Visual Studio Solution File, Format Version 12.00
Project("{FAE04EC0-301F-11D3-BF4B-00C04F79EFBC}") = "Solver", "Solver\Solver.csproj", "{67E9B716-7FC2-458A-B917-660B65876771}"
EndProject
Global
	GlobalSection(SolutionConfigurationPlatforms) = preSolution
		Debug|Any CPU = Debug|Any CPU
		Release|Any CPU = Release|Any CPU
	EndGlobalSection
	GlobalSection(ProjectConfigurationPlatforms) = postSolution
		{67E9B716-7FC2-458A-B917-660B65876771}.Debug|Any CPU.ActiveCfg = Debug|Any CPU
		{67E9B716-7FC2-458A-B917-660B65876771}.Debug|Any CPU.Build.0 = Debug|Any CPU
		{67E9B716-7FC2-458A-B917-660B65876771}.Release|Any CPU.ActiveCfg = Release|Any CPU
		{67E9B716-7FC2-458A-B917-660B65876771}.Release|Any CPU.Build.0 = Release|Any CPU
	EndGlobalSection
EndGlobal
